{
  "requires": true,
  "lockfileVersion": 1,
  "dependencies": {
    "bootstrap": {
      "version": "4.0.0-beta.2",
      "resolved": "https://registry.npmjs.org/bootstrap/-/bootstrap-4.0.0-beta.2.tgz",
      "integrity": "sha512-DzGtdTlKbrMoGMpz0LigKSqJ+MgtFKxA791PU/q062OlRG0HybNZcTLH7rpDAmLS66Y3esN9yzKHLLbqa5UR3w=="
    },
    "sweetalert2": {
      "version": "7.1.1",
      "resolved": "https://registry.npmjs.org/sweetalert2/-/sweetalert2-7.1.1.tgz",
      "integrity": "sha512-SUwz1D4/PEXsRSaO4iYZjCORmVfqT01qJY+HfhHncObFpNdduo9m7LyClSKidgZ152kOW4mRLvN7JtGxhO8+6Q=="
    }
  }
}
